Microsoft Visual Studio Solution File, Format Version 11.00
# Visual Studio 2010
Project("{8BC9CEB8-8B4A-11D0-8D11-00A0C91BC942}") = "ALL_BUILD", "ALL_BUILD.vcxproj", "{C0620895-78B4-3FB9-9CEB-49A6B71EBE49}"
	ProjectSection(ProjectDependencies) = postProject
		{7AEF53C5-83D5-3C26-A8C7-5DBA16F36C67} = {7AEF53C5-83D5-3C26-A8C7-5DBA16F36C67}
		{E7395482-440E-36DF-A387-FA11EC4D90AE} = {E7395482-440E-36DF-A387-FA11EC4D90AE}
	EndProjectSection
EndProject
Project("{8BC9CEB8-8B4A-11D0-8D11-00A0C91BC942}") = "Laborka", "Laborka.vcxproj", "{7AEF53C5-83D5-3C26-A8C7-5DBA16F36C67}"
	ProjectSection(ProjectDependencies) = postProject
		{E7395482-440E-36DF-A387-FA11EC4D90AE} = {E7395482-440E-36DF-A387-FA11EC4D90AE}
	EndProjectSection
EndProject
Project("{8BC9CEB8-8B4A-11D0-8D11-00A0C91BC942}") = "ZERO_CHECK", "ZERO_CHECK.vcxproj", "{E7395482-440E-36DF-A387-FA11EC4D90AE}"
	ProjectSection(ProjectDependencies) = postProject
	EndProjectSection
EndProject
Global
	GlobalSection(SolutionConfigurationPlatforms) = preSolution
		Debug|Win32 = Debug|Win32
		Release|Win32 = Release|Win32
		MinSizeRel|Win32 = MinSizeRel|Win32
		RelWithDebInfo|Win32 = RelWithDebInfo|Win32
	EndGlobalSection
	GlobalSection(ProjectConfigurationPlatforms) = postSolution
		{C0620895-78B4-3FB9-9CEB-49A6B71EBE49}.Debug|Win32.ActiveCfg = Debug|Win32
		{C0620895-78B4-3FB9-9CEB-49A6B71EBE49}.Release|Win32.ActiveCfg = Release|Win32
		{C0620895-78B4-3FB9-9CEB-49A6B71EBE49}.MinSizeRel|Win32.ActiveCfg = MinSizeRel|Win32
		{C0620895-78B4-3FB9-9CEB-49A6B71EBE49}.RelWithDebInfo|Win32.ActiveCfg = RelWithDebInfo|Win32
		{7AEF53C5-83D5-3C26-A8C7-5DBA16F36C67}.Debug|Win32.ActiveCfg = Debug|Win32
		{7AEF53C5-83D5-3C26-A8C7-5DBA16F36C67}.Debug|Win32.Build.0 = Debug|Win32
		{7AEF53C5-83D5-3C26-A8C7-5DBA16F36C67}.Release|Win32.ActiveCfg = Release|Win32
		{7AEF53C5-83D5-3C26-A8C7-5DBA16F36C67}.Release|Win32.Build.0 = Release|Win32
		{7AEF53C5-83D5-3C26-A8C7-5DBA16F36C67}.MinSizeRel|Win32.ActiveCfg = MinSizeRel|Win32
		{7AEF53C5-83D5-3C26-A8C7-5DBA16F36C67}.MinSizeRel|Win32.Build.0 = MinSizeRel|Win32
		{7AEF53C5-83D5-3C26-A8C7-5DBA16F36C67}.RelWithDebInfo|Win32.ActiveCfg = RelWithDebInfo|Win32
		{7AEF53C5-83D5-3C26-A8C7-5DBA16F36C67}.RelWithDebInfo|Win32.Build.0 = RelWithDebInfo|Win32
		{E7395482-440E-36DF-A387-FA11EC4D90AE}.Debug|Win32.ActiveCfg = Debug|Win32
		{E7395482-440E-36DF-A387-FA11EC4D90AE}.Debug|Win32.Build.0 = Debug|Win32
		{E7395482-440E-36DF-A387-FA11EC4D90AE}.Release|Win32.ActiveCfg = Release|Win32
		{E7395482-440E-36DF-A387-FA11EC4D90AE}.Release|Win32.Build.0 = Release|Win32
		{E7395482-440E-36DF-A387-FA11EC4D90AE}.MinSizeRel|Win32.ActiveCfg = MinSizeRel|Win32
		{E7395482-440E-36DF-A387-FA11EC4D90AE}.MinSizeRel|Win32.Build.0 = MinSizeRel|Win32
		{E7395482-440E-36DF-A387-FA11EC4D90AE}.RelWithDebInfo|Win32.ActiveCfg = RelWithDebInfo|Win32
		{E7395482-440E-36DF-A387-FA11EC4D90AE}.RelWithDebInfo|Win32.Build.0 = RelWithDebInfo|Win32
	EndGlobalSection
	GlobalSection(ExtensibilityGlobals) = postSolution
	EndGlobalSection
	GlobalSection(ExtensibilityAddIns) = postSolution
	EndGlobalSection
EndGlobal
