Microsoft Visual Studio Solution File, Format Version 11.00
# Visual Studio 2010
Project("{8BC9CEB8-8B4A-11D0-8D11-00A0C91BC942}") = "ALL_BUILD", "ALL_BUILD.vcxproj", "{4EB451BE-7956-3BD8-A50B-1604D61A1656}"
	ProjectSection(ProjectDependencies) = postProject
		{63F9D5C7-A740-3844-8A5F-B8C54ABF9336} = {63F9D5C7-A740-3844-8A5F-B8C54ABF9336}
		{547D37FC-0E9E-330D-A3F7-6C1A83010E05} = {547D37FC-0E9E-330D-A3F7-6C1A83010E05}
		{1D52F420-E76B-3CC2-8E5F-CCCAAC2FD92D} = {1D52F420-E76B-3CC2-8E5F-CCCAAC2FD92D}
	EndProjectSection
EndProject
Project("{8BC9CEB8-8B4A-11D0-8D11-00A0C91BC942}") = "Laborka", "Laborka.vcxproj", "{63F9D5C7-A740-3844-8A5F-B8C54ABF9336}"
	ProjectSection(ProjectDependencies) = postProject
		{547D37FC-0E9E-330D-A3F7-6C1A83010E05} = {547D37FC-0E9E-330D-A3F7-6C1A83010E05}
		{1D52F420-E76B-3CC2-8E5F-CCCAAC2FD92D} = {1D52F420-E76B-3CC2-8E5F-CCCAAC2FD92D}
	EndProjectSection
EndProject
Project("{8BC9CEB8-8B4A-11D0-8D11-00A0C91BC942}") = "Trygonometria", "trygonometria\Trygonometria.vcxproj", "{547D37FC-0E9E-330D-A3F7-6C1A83010E05}"
	ProjectSection(ProjectDependencies) = postProject
		{1D52F420-E76B-3CC2-8E5F-CCCAAC2FD92D} = {1D52F420-E76B-3CC2-8E5F-CCCAAC2FD92D}
	EndProjectSection
EndProject
Project("{8BC9CEB8-8B4A-11D0-8D11-00A0C91BC942}") = "ZERO_CHECK", "ZERO_CHECK.vcxproj", "{1D52F420-E76B-3CC2-8E5F-CCCAAC2FD92D}"
	ProjectSection(ProjectDependencies) = postProject
	EndProjectSection
EndProject
Global
	GlobalSection(SolutionConfigurationPlatforms) = preSolution
		Debug|Win32 = Debug|Win32
		Release|Win32 = Release|Win32
		MinSizeRel|Win32 = MinSizeRel|Win32
		RelWithDebInfo|Win32 = RelWithDebInfo|Win32
	EndGlobalSection
	GlobalSection(ProjectConfigurationPlatforms) = postSolution
		{4EB451BE-7956-3BD8-A50B-1604D61A1656}.Debug|Win32.ActiveCfg = Debug|Win32
		{4EB451BE-7956-3BD8-A50B-1604D61A1656}.Release|Win32.ActiveCfg = Release|Win32
		{4EB451BE-7956-3BD8-A50B-1604D61A1656}.MinSizeRel|Win32.ActiveCfg = MinSizeRel|Win32
		{4EB451BE-7956-3BD8-A50B-1604D61A1656}.RelWithDebInfo|Win32.ActiveCfg = RelWithDebInfo|Win32
		{63F9D5C7-A740-3844-8A5F-B8C54ABF9336}.Debug|Win32.ActiveCfg = Debug|Win32
		{63F9D5C7-A740-3844-8A5F-B8C54ABF9336}.Debug|Win32.Build.0 = Debug|Win32
		{63F9D5C7-A740-3844-8A5F-B8C54ABF9336}.Release|Win32.ActiveCfg = Release|Win32
		{63F9D5C7-A740-3844-8A5F-B8C54ABF9336}.Release|Win32.Build.0 = Release|Win32
		{63F9D5C7-A740-3844-8A5F-B8C54ABF9336}.MinSizeRel|Win32.ActiveCfg = MinSizeRel|Win32
		{63F9D5C7-A740-3844-8A5F-B8C54ABF9336}.MinSizeRel|Win32.Build.0 = MinSizeRel|Win32
		{63F9D5C7-A740-3844-8A5F-B8C54ABF9336}.RelWithDebInfo|Win32.ActiveCfg = RelWithDebInfo|Win32
		{63F9D5C7-A740-3844-8A5F-B8C54ABF9336}.RelWithDebInfo|Win32.Build.0 = RelWithDebInfo|Win32
		{547D37FC-0E9E-330D-A3F7-6C1A83010E05}.Debug|Win32.ActiveCfg = Debug|Win32
		{547D37FC-0E9E-330D-A3F7-6C1A83010E05}.Debug|Win32.Build.0 = Debug|Win32
		{547D37FC-0E9E-330D-A3F7-6C1A83010E05}.Release|Win32.ActiveCfg = Release|Win32
		{547D37FC-0E9E-330D-A3F7-6C1A83010E05}.Release|Win32.Build.0 = Release|Win32
		{547D37FC-0E9E-330D-A3F7-6C1A83010E05}.MinSizeRel|Win32.ActiveCfg = MinSizeRel|Win32
		{547D37FC-0E9E-330D-A3F7-6C1A83010E05}.MinSizeRel|Win32.Build.0 = MinSizeRel|Win32
		{547D37FC-0E9E-330D-A3F7-6C1A83010E05}.RelWithDebInfo|Win32.ActiveCfg = RelWithDebInfo|Win32
		{547D37FC-0E9E-330D-A3F7-6C1A83010E05}.RelWithDebInfo|Win32.Build.0 = RelWithDebInfo|Win32
		{1D52F420-E76B-3CC2-8E5F-CCCAAC2FD92D}.Debug|Win32.ActiveCfg = Debug|Win32
		{1D52F420-E76B-3CC2-8E5F-CCCAAC2FD92D}.Debug|Win32.Build.0 = Debug|Win32
		{1D52F420-E76B-3CC2-8E5F-CCCAAC2FD92D}.Release|Win32.ActiveCfg = Release|Win32
		{1D52F420-E76B-3CC2-8E5F-CCCAAC2FD92D}.Release|Win32.Build.0 = Release|Win32
		{1D52F420-E76B-3CC2-8E5F-CCCAAC2FD92D}.MinSizeRel|Win32.ActiveCfg = MinSizeRel|Win32
		{1D52F420-E76B-3CC2-8E5F-CCCAAC2FD92D}.MinSizeRel|Win32.Build.0 = MinSizeRel|Win32
		{1D52F420-E76B-3CC2-8E5F-CCCAAC2FD92D}.RelWithDebInfo|Win32.ActiveCfg = RelWithDebInfo|Win32
		{1D52F420-E76B-3CC2-8E5F-CCCAAC2FD92D}.RelWithDebInfo|Win32.Build.0 = RelWithDebInfo|Win32
	EndGlobalSection
	GlobalSection(ExtensibilityGlobals) = postSolution
	EndGlobalSection
	GlobalSection(ExtensibilityAddIns) = postSolution
	EndGlobalSection
EndGlobal
